
Microsoft Visual Studio Solution File, Format Version 12.00
# Visual Studio 15
VisualStudioVersion = 15.0.26730.16
MinimumVisualStudioVersion = 10.0.40219.1
Project("{FAE04EC0-301F-11D3-BF4B-00C04F79EFBC}") = "MixMedia.Dlna", "MixMedia.Dlna\MixMedia.Dlna.csproj", "{7452D835-CDF1-4BAD-962F-5D26D659CEBE}"
EndProject
Project("{FAE04EC0-301F-11D3-BF4B-00C04F79EFBC}") = "MixMedia.Dlna.Tests", "MixMedia.Dlna.Tests\MixMedia.Dlna.Tests.csproj", "{61EF6584-B915-4EB3-A9A4-BB599B120FF2}"
EndProject
Global
	GlobalSection(SolutionConfigurationPlatforms) = preSolution
		Debug|Any CPU = Debug|Any CPU
		Release|Any CPU = Release|Any CPU
	EndGlobalSection
	GlobalSection(ProjectConfigurationPlatforms) = postSolution
		{7452D835-CDF1-4BAD-962F-5D26D659CEBE}.Debug|Any CPU.ActiveCfg = Debug|Any CPU
		{7452D835-CDF1-4BAD-962F-5D26D659CEBE}.Debug|Any CPU.Build.0 = Debug|Any CPU
		{7452D835-CDF1-4BAD-962F-5D26D659CEBE}.Release|Any CPU.ActiveCfg = Release|Any CPU
		{7452D835-CDF1-4BAD-962F-5D26D659CEBE}.Release|Any CPU.Build.0 = Release|Any CPU
		{61EF6584-B915-4EB3-A9A4-BB599B120FF2}.Debug|Any CPU.ActiveCfg = Debug|Any CPU
		{61EF6584-B915-4EB3-A9A4-BB599B120FF2}.Debug|Any CPU.Build.0 = Debug|Any CPU
		{61EF6584-B915-4EB3-A9A4-BB599B120FF2}.Release|Any CPU.ActiveCfg = Release|Any CPU
		{61EF6584-B915-4EB3-A9A4-BB599B120FF2}.Release|Any CPU.Build.0 = Release|Any CPU
	EndGlobalSection
	GlobalSection(SolutionProperties) = preSolution
		HideSolutionNode = FALSE
	EndGlobalSection
	GlobalSection(ExtensibilityGlobals) = postSolution
		SolutionGuid = {86D34607-8EBE-41AF-806B-6AD1792BF302}
	EndGlobalSection
EndGlobal
